
Microsoft Visual Studio Solution File, Format Version 12.00
# Visual Studio 14
VisualStudioVersion = 14.0.25420.1
MinimumVisualStudioVersion = 10.0.40219.1
Project("{FAE04EC0-301F-11D3-BF4B-00C04F79EFBC}") = "WorkShop.Android", "WorkShop\WorkShop.Android\WorkShop.Android.csproj", "{3E30CA30-45E5-4FCF-831A-454095E436B8}"
EndProject
Project("{FAE04EC0-301F-11D3-BF4B-00C04F79EFBC}") = "WorkShop", "WorkShop\WorkShop\WorkShop.csproj", "{22DB618C-34A2-44B0-AD49-17405F7F3DAB}"
EndProject
Project("{FAE04EC0-301F-11D3-BF4B-00C04F79EFBC}") = "WorkShop.iOS", "WorkShop\WorkShop.iOS\WorkShop.iOS.csproj", "{BE41610E-3C44-4552-8155-5B27D5A747A2}"
EndProject
Global
	GlobalSection(SolutionConfigurationPlatforms) = preSolution
		Ad-Hoc|Any CPU = Ad-Hoc|Any CPU
		Ad-Hoc|iPhone = Ad-Hoc|iPhone
		Ad-Hoc|iPhoneSimulator = Ad-Hoc|iPhoneSimulator
		AppStore|Any CPU = AppStore|Any CPU
		AppStore|iPhone = AppStore|iPhone
		AppStore|iPhoneSimulator = AppStore|iPhoneSimulator
		Debug|Any CPU = Debug|Any CPU
		Debug|iPhone = Debug|iPhone
		Debug|iPhoneSimulator = Debug|iPhoneSimulator
		Release|Any CPU = Release|Any CPU
		Release|iPhone = Release|iPhone
		Release|iPhoneSimulator = Release|iPhoneSimulator
	EndGlobalSection
	GlobalSection(ProjectConfigurationPlatforms) = postSolution
		{3E30CA30-45E5-4FCF-831A-454095E436B8}.Ad-Hoc|Any CPU.ActiveCfg = Release|Any CPU
		{3E30CA30-45E5-4FCF-831A-454095E436B8}.Ad-Hoc|Any CPU.Build.0 = Release|Any CPU
		{3E30CA30-45E5-4FCF-831A-454095E436B8}.Ad-Hoc|Any CPU.Deploy.0 = Release|Any CPU
		{3E30CA30-45E5-4FCF-831A-454095E436B8}.Ad-Hoc|iPhone.ActiveCfg = Release|Any CPU
		{3E30CA30-45E5-4FCF-831A-454095E436B8}.Ad-Hoc|iPhone.Build.0 = Release|Any CPU
		{3E30CA30-45E5-4FCF-831A-454095E436B8}.Ad-Hoc|iPhone.Deploy.0 = Release|Any CPU
		{3E30CA30-45E5-4FCF-831A-454095E436B8}.Ad-Hoc|iPhoneSimulator.ActiveCfg = Release|Any CPU
		{3E30CA30-45E5-4FCF-831A-454095E436B8}.Ad-Hoc|iPhoneSimulator.Build.0 = Release|Any CPU
		{3E30CA30-45E5-4FCF-831A-454095E436B8}.Ad-Hoc|iPhoneSimulator.Deploy.0 = Release|Any CPU
		{3E30CA30-45E5-4FCF-831A-454095E436B8}.AppStore|Any CPU.ActiveCfg = Release|Any CPU
		{3E30CA30-45E5-4FCF-831A-454095E436B8}.AppStore|Any CPU.Build.0 = Release|Any CPU
		{3E30CA30-45E5-4FCF-831A-454095E436B8}.AppStore|Any CPU.Deploy.0 = Release|Any CPU
		{3E30CA30-45E5-4FCF-831A-454095E436B8}.AppStore|iPhone.ActiveCfg = Release|Any CPU
		{3E30CA30-45E5-4FCF-831A-454095E436B8}.AppStore|iPhone.Build.0 = Release|Any CPU
		{3E30CA30-45E5-4FCF-831A-454095E436B8}.AppStore|iPhone.Deploy.0 = Release|Any CPU
		{3E30CA30-45E5-4FCF-831A-454095E436B8}.AppStore|iPhoneSimulator.ActiveCfg = Release|Any CPU
		{3E30CA30-45E5-4FCF-831A-454095E436B8}.AppStore|iPhoneSimulator.Build.0 = Release|Any CPU
		{3E30CA30-45E5-4FCF-831A-454095E436B8}.AppStore|iPhoneSimulator.Deploy.0 = Release|Any CPU
		{3E30CA30-45E5-4FCF-831A-454095E436B8}.Debug|Any CPU.ActiveCfg = Debug|Any CPU
		{3E30CA30-45E5-4FCF-831A-454095E436B8}.Debug|Any CPU.Build.0 = Debug|Any CPU
		{3E30CA30-45E5-4FCF-831A-454095E436B8}.Debug|Any CPU.Deploy.0 = Debug|Any CPU
		{3E30CA30-45E5-4FCF-831A-454095E436B8}.Debug|iPhone.ActiveCfg = Debug|Any CPU
		{3E30CA30-45E5-4FCF-831A-454095E436B8}.Debug|iPhone.Build.0 = Debug|Any CPU
		{3E30CA30-45E5-4FCF-831A-454095E436B8}.Debug|iPhone.Deploy.0 = Debug|Any CPU
		{3E30CA30-45E5-4FCF-831A-454095E436B8}.Debug|iPhoneSimulator.ActiveCfg = Debug|Any CPU
		{3E30CA30-45E5-4FCF-831A-454095E436B8}.Debug|iPhoneSimulator.Build.0 = Debug|Any CPU
		{3E30CA30-45E5-4FCF-831A-454095E436B8}.Debug|iPhoneSimulator.Deploy.0 = Debug|Any CPU
		{3E30CA30-45E5-4FCF-831A-454095E436B8}.Release|Any CPU.ActiveCfg = Release|Any CPU
		{3E30CA30-45E5-4FCF-831A-454095E436B8}.Release|Any CPU.Build.0 = Release|Any CPU
		{3E30CA30-45E5-4FCF-831A-454095E436B8}.Release|Any CPU.Deploy.0 = Release|Any CPU
		{3E30CA30-45E5-4FCF-831A-454095E436B8}.Release|iPhone.ActiveCfg = Release|Any CPU
		{3E30CA30-45E5-4FCF-831A-454095E436B8}.Release|iPhone.Build.0 = Release|Any CPU
		{3E30CA30-45E5-4FCF-831A-454095E436B8}.Release|iPhone.Deploy.0 = Release|Any CPU
		{3E30CA30-45E5-4FCF-831A-454095E436B8}.Release|iPhoneSimulator.ActiveCfg = Release|Any CPU
		{3E30CA30-45E5-4FCF-831A-454095E436B8}.Release|iPhoneSimulator.Build.0 = Release|Any CPU
		{3E30CA30-45E5-4FCF-831A-454095E436B8}.Release|iPhoneSimulator.Deploy.0 = Release|Any CPU
		{22DB618C-34A2-44B0-AD49-17405F7F3DAB}.Ad-Hoc|Any CPU.ActiveCfg = Release|Any CPU
		{22DB618C-34A2-44B0-AD49-17405F7F3DAB}.Ad-Hoc|Any CPU.Build.0 = Release|Any CPU
		{22DB618C-34A2-44B0-AD49-17405F7F3DAB}.Ad-Hoc|iPhone.ActiveCfg = Release|Any CPU
		{22DB618C-34A2-44B0-AD49-17405F7F3DAB}.Ad-Hoc|iPhone.Build.0 = Release|Any CPU
		{22DB618C-34A2-44B0-AD49-17405F7F3DAB}.Ad-Hoc|iPhoneSimulator.ActiveCfg = Release|Any CPU
		{22DB618C-34A2-44B0-AD49-17405F7F3DAB}.Ad-Hoc|iPhoneSimulator.Build.0 = Release|Any CPU
		{22DB618C-34A2-44B0-AD49-17405F7F3DAB}.AppStore|Any CPU.ActiveCfg = Release|Any CPU
		{22DB618C-34A2-44B0-AD49-17405F7F3DAB}.AppStore|Any CPU.Build.0 = Release|Any CPU
		{22DB618C-34A2-44B0-AD49-17405F7F3DAB}.AppStore|iPhone.ActiveCfg = Release|Any CPU
		{22DB618C-34A2-44B0-AD49-17405F7F3DAB}.AppStore|iPhone.Build.0 = Release|Any CPU
		{22DB618C-34A2-44B0-AD49-17405F7F3DAB}.AppStore|iPhoneSimulator.ActiveCfg = Release|Any CPU
		{22DB618C-34A2-44B0-AD49-17405F7F3DAB}.AppStore|iPhoneSimulator.Build.0 = Release|Any CPU
		{22DB618C-34A2-44B0-AD49-17405F7F3DAB}.Debug|Any CPU.ActiveCfg = Debug|Any CPU
		{22DB618C-34A2-44B0-AD49-17405F7F3DAB}.Debug|Any CPU.Build.0 = Debug|Any CPU
		{22DB618C-34A2-44B0-AD49-17405F7F3DAB}.Debug|iPhone.ActiveCfg = Debug|Any CPU
		{22DB618C-34A2-44B0-AD49-17405F7F3DAB}.Debug|iPhone.Build.0 = Debug|Any CPU
		{22DB618C-34A2-44B0-AD49-17405F7F3DAB}.Debug|iPhoneSimulator.ActiveCfg = Debug|Any CPU
		{22DB618C-34A2-44B0-AD49-17405F7F3DAB}.Debug|iPhoneSimulator.Build.0 = Debug|Any CPU
		{22DB618C-34A2-44B0-AD49-17405F7F3DAB}.Release|Any CPU.ActiveCfg = Release|Any CPU
		{22DB618C-34A2-44B0-AD49-17405F7F3DAB}.Release|Any CPU.Build.0 = Release|Any CPU
		{22DB618C-34A2-44B0-AD49-17405F7F3DAB}.Release|iPhone.ActiveCfg = Release|Any CPU
		{22DB618C-34A2-44B0-AD49-17405F7F3DAB}.Release|iPhone.Build.0 = Release|Any CPU
		{22DB618C-34A2-44B0-AD49-17405F7F3DAB}.Release|iPhoneSimulator.ActiveCfg = Release|Any CPU
		{22DB618C-34A2-44B0-AD49-17405F7F3DAB}.Release|iPhoneSimulator.Build.0 = Release|Any CPU
		{BE41610E-3C44-4552-8155-5B27D5A747A2}.Ad-Hoc|Any CPU.ActiveCfg = Ad-Hoc|iPhone
		{BE41610E-3C44-4552-8155-5B27D5A747A2}.Ad-Hoc|iPhone.ActiveCfg = Ad-Hoc|iPhone
		{BE41610E-3C44-4552-8155-5B27D5A747A2}.Ad-Hoc|iPhone.Build.0 = Ad-Hoc|iPhone
		{BE41610E-3C44-4552-8155-5B27D5A747A2}.Ad-Hoc|iPhoneSimulator.ActiveCfg = Ad-Hoc|iPhoneSimulator
		{BE41610E-3C44-4552-8155-5B27D5A747A2}.Ad-Hoc|iPhoneSimulator.Build.0 = Ad-Hoc|iPhoneSimulator
		{BE41610E-3C44-4552-8155-5B27D5A747A2}.AppStore|Any CPU.ActiveCfg = AppStore|iPhone
		{BE41610E-3C44-4552-8155-5B27D5A747A2}.AppStore|iPhone.ActiveCfg = AppStore|iPhone
		{BE41610E-3C44-4552-8155-5B27D5A747A2}.AppStore|iPhone.Build.0 = AppStore|iPhone
		{BE41610E-3C44-4552-8155-5B27D5A747A2}.AppStore|iPhoneSimulator.ActiveCfg = AppStore|iPhoneSimulator
		{BE41610E-3C44-4552-8155-5B27D5A747A2}.AppStore|iPhoneSimulator.Build.0 = AppStore|iPhoneSimulator
		{BE41610E-3C44-4552-8155-5B27D5A747A2}.Debug|Any CPU.ActiveCfg = Debug|iPhone
		{BE41610E-3C44-4552-8155-5B27D5A747A2}.Debug|iPhone.ActiveCfg = Debug|iPhone
		{BE41610E-3C44-4552-8155-5B27D5A747A2}.Debug|iPhone.Build.0 = Debug|iPhone
		{BE41610E-3C44-4552-8155-5B27D5A747A2}.Debug|iPhoneSimulator.ActiveCfg = Debug|iPhoneSimulator
		{BE41610E-3C44-4552-8155-5B27D5A747A2}.Debug|iPhoneSimulator.Build.0 = Debug|iPhoneSimulator
		{BE41610E-3C44-4552-8155-5B27D5A747A2}.Release|Any CPU.ActiveCfg = Release|iPhone
		{BE41610E-3C44-4552-8155-5B27D5A747A2}.Release|iPhone.ActiveCfg = Release|iPhone
		{BE41610E-3C44-4552-8155-5B27D5A747A2}.Release|iPhone.Build.0 = Release|iPhone
		{BE41610E-3C44-4552-8155-5B27D5A747A2}.Release|iPhoneSimulator.ActiveCfg = Release|iPhoneSimulator
		{BE41610E-3C44-4552-8155-5B27D5A747A2}.Release|iPhoneSimulator.Build.0 = Release|iPhoneSimulator
	EndGlobalSection
	GlobalSection(SolutionProperties) = preSolution
		HideSolutionNode = FALSE
	EndGlobalSection
EndGlobal
